
Microsoft Visual Studio Solution File, Format Version 12.00
# Visual Studio Version 16
VisualStudioVersion = 16.0.31702.278
MinimumVisualStudioVersion = 10.0.40219.1
Project("{FAE04EC0-301F-11D3-BF4B-00C04F79EFBC}") = "simpleCRUD", "simpleCRUD\simpleCRUD.csproj", "{BCF9208A-E06A-4E92-ADA1-FD2B61E61BF8}"
EndProject
Global
	GlobalSection(SolutionConfigurationPlatforms) = preSolution
		Debug|Any CPU = Debug|Any CPU
		Release|Any CPU = Release|Any CPU
	EndGlobalSection
	GlobalSection(ProjectConfigurationPlatforms) = postSolution
		{BCF9208A-E06A-4E92-ADA1-FD2B61E61BF8}.Debug|Any CPU.ActiveCfg = Debug|Any CPU
		{BCF9208A-E06A-4E92-ADA1-FD2B61E61BF8}.Debug|Any CPU.Build.0 = Debug|Any CPU
		{BCF9208A-E06A-4E92-ADA1-FD2B61E61BF8}.Release|Any CPU.ActiveCfg = Release|Any CPU
		{BCF9208A-E06A-4E92-ADA1-FD2B61E61BF8}.Release|Any CPU.Build.0 = Release|Any CPU
	EndGlobalSection
	GlobalSection(SolutionProperties) = preSolution
		HideSolutionNode = FALSE
	EndGlobalSection
	GlobalSection(ExtensibilityGlobals) = postSolution
		SolutionGuid = {471CFEDD-3D6E-4AD3-8C5C-5126A0C7A60A}
	EndGlobalSection
EndGlobal
